
Microsoft Visual Studio Solution File, Format Version 12.00
# Visual Studio 15
Project("{FAE04EC0-301F-11D3-BF4B-00C04F79EFBC}") = "Assembly-CSharp", "Assembly-CSharp.csproj", "{17382006-901D-6371-C9C2-79102513278E}"
EndProject
Project("{FAE04EC0-301F-11D3-BF4B-00C04F79EFBC}") = "Assembly-CSharp-Editor", "Assembly-CSharp-Editor.csproj", "{A3E64420-59A9-866E-FB6F-73FFBA2DF737}"
EndProject
Global
	GlobalSection(SolutionConfigurationPlatforms) = preSolution
		Debug|Any CPU = Debug|Any CPU
		Release|Any CPU = Release|Any CPU
	EndGlobalSection
	GlobalSection(ProjectConfigurationPlatforms) = postSolution
		{17382006-901D-6371-C9C2-79102513278E}.Debug|Any CPU.ActiveCfg = Debug|Any CPU
		{17382006-901D-6371-C9C2-79102513278E}.Debug|Any CPU.Build.0 = Debug|Any CPU
		{17382006-901D-6371-C9C2-79102513278E}.Release|Any CPU.ActiveCfg = Release|Any CPU
		{17382006-901D-6371-C9C2-79102513278E}.Release|Any CPU.Build.0 = Release|Any CPU
		{A3E64420-59A9-866E-FB6F-73FFBA2DF737}.Debug|Any CPU.ActiveCfg = Debug|Any CPU
		{A3E64420-59A9-866E-FB6F-73FFBA2DF737}.Debug|Any CPU.Build.0 = Debug|Any CPU
		{A3E64420-59A9-866E-FB6F-73FFBA2DF737}.Release|Any CPU.ActiveCfg = Release|Any CPU
		{A3E64420-59A9-866E-FB6F-73FFBA2DF737}.Release|Any CPU.Build.0 = Release|Any CPU
	EndGlobalSection
	GlobalSection(SolutionProperties) = preSolution
		HideSolutionNode = FALSE
	EndGlobalSection
EndGlobal
